
Microsoft Visual Studio Solution File, Format Version 11.00
# Visual Studio 2010
Project("{FAE04EC0-301F-11D3-BF4B-00C04F79EFBC}") = "Bikee.Web", "src\Bikee.Web\Bikee.Web.csproj", "{78F11056-68FA-4DCA-9E3E-FC7C9A4FCCB6}"
EndProject
Project("{FAE04EC0-301F-11D3-BF4B-00C04F79EFBC}") = "Bikee.Web.Tests", "src\Bikee.Web.Tests\Bikee.Web.Tests.csproj", "{F550221E-0D71-4140-9981-119CCCE5C2C3}"
EndProject
Project("{2150E333-8FDC-42A3-9474-1A3956D46DE8}") = "Tests", "Tests", "{89527138-DEA1-45E5-A857-BB15EF3D15D7}"
EndProject
Project("{2150E333-8FDC-42A3-9474-1A3956D46DE8}") = "Bikee", "Bikee", "{FEBB7EB0-15F5-4A78-8455-63543B9D604E}"
EndProject
Project("{FAE04EC0-301F-11D3-BF4B-00C04F79EFBC}") = "Bikee.Security.Mongo", "src\Bikee.Security.Mongo\Bikee.Security.Mongo.csproj", "{326A083D-3589-441A-B7E4-67BAE48E80B2}"
EndProject
Project("{FAE04EC0-301F-11D3-BF4B-00C04F79EFBC}") = "Bikee.Security.Mongo.Tests", "src\Bikee.Security.Mongo.Tests\Bikee.Security.Mongo.Tests.csproj", "{8054C282-ABDF-496E-9DF6-98ECB6A5FF82}"
EndProject
Project("{FAE04EC0-301F-11D3-BF4B-00C04F79EFBC}") = "Bikee.Security", "src\Bikee.Security\Bikee.Security.csproj", "{BD31D54C-596B-403B-A068-CE2E5393D472}"
EndProject
Project("{FAE04EC0-301F-11D3-BF4B-00C04F79EFBC}") = "Bikee.Bson", "src\Bikee.Bson\Bikee.Bson.csproj", "{3604FA0E-FD33-4CDC-8DF9-3A77D210000E}"
EndProject
Project("{FAE04EC0-301F-11D3-BF4B-00C04F79EFBC}") = "Bikee.Mongo.Tests", "src\Bikee.Mongo.Tests\Bikee.Mongo.Tests.csproj", "{A721801B-0CE2-4035-8C01-1D95D0EF78AE}"
EndProject
Global
	GlobalSection(SolutionConfigurationPlatforms) = preSolution
		Debug|Any CPU = Debug|Any CPU
		Release|Any CPU = Release|Any CPU
	EndGlobalSection
	GlobalSection(ProjectConfigurationPlatforms) = postSolution
		{78F11056-68FA-4DCA-9E3E-FC7C9A4FCCB6}.Debug|Any CPU.ActiveCfg = Debug|Any CPU
		{78F11056-68FA-4DCA-9E3E-FC7C9A4FCCB6}.Debug|Any CPU.Build.0 = Debug|Any CPU
		{78F11056-68FA-4DCA-9E3E-FC7C9A4FCCB6}.Release|Any CPU.ActiveCfg = Release|Any CPU
		{78F11056-68FA-4DCA-9E3E-FC7C9A4FCCB6}.Release|Any CPU.Build.0 = Release|Any CPU
		{F550221E-0D71-4140-9981-119CCCE5C2C3}.Debug|Any CPU.ActiveCfg = Debug|Any CPU
		{F550221E-0D71-4140-9981-119CCCE5C2C3}.Debug|Any CPU.Build.0 = Debug|Any CPU
		{F550221E-0D71-4140-9981-119CCCE5C2C3}.Release|Any CPU.ActiveCfg = Release|Any CPU
		{F550221E-0D71-4140-9981-119CCCE5C2C3}.Release|Any CPU.Build.0 = Release|Any CPU
		{326A083D-3589-441A-B7E4-67BAE48E80B2}.Debug|Any CPU.ActiveCfg = Debug|Any CPU
		{326A083D-3589-441A-B7E4-67BAE48E80B2}.Debug|Any CPU.Build.0 = Debug|Any CPU
		{326A083D-3589-441A-B7E4-67BAE48E80B2}.Release|Any CPU.ActiveCfg = Release|Any CPU
		{326A083D-3589-441A-B7E4-67BAE48E80B2}.Release|Any CPU.Build.0 = Release|Any CPU
		{8054C282-ABDF-496E-9DF6-98ECB6A5FF82}.Debug|Any CPU.ActiveCfg = Debug|Any CPU
		{8054C282-ABDF-496E-9DF6-98ECB6A5FF82}.Debug|Any CPU.Build.0 = Debug|Any CPU
		{8054C282-ABDF-496E-9DF6-98ECB6A5FF82}.Release|Any CPU.ActiveCfg = Release|Any CPU
		{8054C282-ABDF-496E-9DF6-98ECB6A5FF82}.Release|Any CPU.Build.0 = Release|Any CPU
		{BD31D54C-596B-403B-A068-CE2E5393D472}.Debug|Any CPU.ActiveCfg = Debug|Any CPU
		{BD31D54C-596B-403B-A068-CE2E5393D472}.Debug|Any CPU.Build.0 = Debug|Any CPU
		{BD31D54C-596B-403B-A068-CE2E5393D472}.Release|Any CPU.ActiveCfg = Release|Any CPU
		{BD31D54C-596B-403B-A068-CE2E5393D472}.Release|Any CPU.Build.0 = Release|Any CPU
		{3604FA0E-FD33-4CDC-8DF9-3A77D210000E}.Debug|Any CPU.ActiveCfg = Debug|Any CPU
		{3604FA0E-FD33-4CDC-8DF9-3A77D210000E}.Debug|Any CPU.Build.0 = Debug|Any CPU
		{3604FA0E-FD33-4CDC-8DF9-3A77D210000E}.Release|Any CPU.ActiveCfg = Release|Any CPU
		{3604FA0E-FD33-4CDC-8DF9-3A77D210000E}.Release|Any CPU.Build.0 = Release|Any CPU
		{A721801B-0CE2-4035-8C01-1D95D0EF78AE}.Debug|Any CPU.ActiveCfg = Debug|Any CPU
		{A721801B-0CE2-4035-8C01-1D95D0EF78AE}.Debug|Any CPU.Build.0 = Debug|Any CPU
		{A721801B-0CE2-4035-8C01-1D95D0EF78AE}.Release|Any CPU.ActiveCfg = Release|Any CPU
		{A721801B-0CE2-4035-8C01-1D95D0EF78AE}.Release|Any CPU.Build.0 = Release|Any CPU
	EndGlobalSection
	GlobalSection(SolutionProperties) = preSolution
		HideSolutionNode = FALSE
	EndGlobalSection
	GlobalSection(NestedProjects) = preSolution
		{78F11056-68FA-4DCA-9E3E-FC7C9A4FCCB6} = {FEBB7EB0-15F5-4A78-8455-63543B9D604E}
		{326A083D-3589-441A-B7E4-67BAE48E80B2} = {FEBB7EB0-15F5-4A78-8455-63543B9D604E}
		{BD31D54C-596B-403B-A068-CE2E5393D472} = {FEBB7EB0-15F5-4A78-8455-63543B9D604E}
		{3604FA0E-FD33-4CDC-8DF9-3A77D210000E} = {FEBB7EB0-15F5-4A78-8455-63543B9D604E}
		{F550221E-0D71-4140-9981-119CCCE5C2C3} = {89527138-DEA1-45E5-A857-BB15EF3D15D7}
		{8054C282-ABDF-496E-9DF6-98ECB6A5FF82} = {89527138-DEA1-45E5-A857-BB15EF3D15D7}
		{A721801B-0CE2-4035-8C01-1D95D0EF78AE} = {89527138-DEA1-45E5-A857-BB15EF3D15D7}
	EndGlobalSection
EndGlobal
